
Microsoft Visual Studio Solution File, Format Version 12.00
# Visual Studio Version 17
VisualStudioVersion = 17.0.32112.339
MinimumVisualStudioVersion = 10.0.40219.1
Project("{FAE04EC0-301F-11D3-BF4B-00C04F79EFBC}") = "LineComparisonProgram", "LineComparison\LineComparisonProgram.csproj", "{F757758B-223E-41F0-A8A7-632E3F8D25BD}"
EndProject
Global
	GlobalSection(SolutionConfigurationPlatforms) = preSolution
		Debug|Any CPU = Debug|Any CPU
		Release|Any CPU = Release|Any CPU
	EndGlobalSection
	GlobalSection(ProjectConfigurationPlatforms) = postSolution
		{F757758B-223E-41F0-A8A7-632E3F8D25BD}.Debug|Any CPU.ActiveCfg = Debug|Any CPU
		{F757758B-223E-41F0-A8A7-632E3F8D25BD}.Debug|Any CPU.Build.0 = Debug|Any CPU
		{F757758B-223E-41F0-A8A7-632E3F8D25BD}.Release|Any CPU.ActiveCfg = Release|Any CPU
		{F757758B-223E-41F0-A8A7-632E3F8D25BD}.Release|Any CPU.Build.0 = Release|Any CPU
	EndGlobalSection
	GlobalSection(SolutionProperties) = preSolution
		HideSolutionNode = FALSE
	EndGlobalSection
	GlobalSection(ExtensibilityGlobals) = postSolution
		SolutionGuid = {09792BF2-6001-46B4-B82E-7ED81026EA15}
	EndGlobalSection
EndGlobal
